
Microsoft Visual Studio Solution File, Format Version 12.00
Project("{FAE04EC0-301F-11D3-BF4B-00C04F79EFBC}") = "BlazorWebApp", "BlazorWebApp\BlazorWebApp.csproj", "{F5093187-444D-4264-86E5-C916B96B6BC3}"
EndProject
Global
	GlobalSection(SolutionConfigurationPlatforms) = preSolution
		Debug|Any CPU = Debug|Any CPU
		Release|Any CPU = Release|Any CPU
	EndGlobalSection
	GlobalSection(ProjectConfigurationPlatforms) = postSolution
		{F5093187-444D-4264-86E5-C916B96B6BC3}.Debug|Any CPU.ActiveCfg = Debug|Any CPU
		{F5093187-444D-4264-86E5-C916B96B6BC3}.Debug|Any CPU.Build.0 = Debug|Any CPU
		{F5093187-444D-4264-86E5-C916B96B6BC3}.Release|Any CPU.ActiveCfg = Release|Any CPU
		{F5093187-444D-4264-86E5-C916B96B6BC3}.Release|Any CPU.Build.0 = Release|Any CPU
	EndGlobalSection
EndGlobal
